
Microsoft Visual Studio Solution File, Format Version 12.00
# Visual Studio Version 17
Project("{8BC9CEB8-8B4A-11D0-8D11-00A0C91BC942}") = "ALL_BUILD", "ALL_BUILD.vcxproj", "{569D7D7B-55C2-3CB2-A647-73302951D3EC}"
	ProjectSection(ProjectDependencies) = postProject
		{A67B178B-1727-331A-82EC-9CA1AAAF5344} = {A67B178B-1727-331A-82EC-9CA1AAAF5344}
		{D4030057-83B8-36A0-A154-751AEAD82E57} = {D4030057-83B8-36A0-A154-751AEAD82E57}
	EndProjectSection
EndProject
Project("{8BC9CEB8-8B4A-11D0-8D11-00A0C91BC942}") = "ZERO_CHECK", "ZERO_CHECK.vcxproj", "{A67B178B-1727-331A-82EC-9CA1AAAF5344}"
	ProjectSection(ProjectDependencies) = postProject
	EndProjectSection
EndProject
Project("{8BC9CEB8-8B4A-11D0-8D11-00A0C91BC942}") = "shader_playground", "shader_playground.vcxproj", "{D4030057-83B8-36A0-A154-751AEAD82E57}"
	ProjectSection(ProjectDependencies) = postProject
		{A67B178B-1727-331A-82EC-9CA1AAAF5344} = {A67B178B-1727-331A-82EC-9CA1AAAF5344}
	EndProjectSection
EndProject
Global
	GlobalSection(SolutionConfigurationPlatforms) = preSolution
		Debug|x64 = Debug|x64
		Release|x64 = Release|x64
		MinSizeRel|x64 = MinSizeRel|x64
		RelWithDebInfo|x64 = RelWithDebInfo|x64
	EndGlobalSection
	GlobalSection(ProjectConfigurationPlatforms) = postSolution
		{569D7D7B-55C2-3CB2-A647-73302951D3EC}.Debug|x64.ActiveCfg = Debug|x64
		{569D7D7B-55C2-3CB2-A647-73302951D3EC}.Release|x64.ActiveCfg = Release|x64
		{569D7D7B-55C2-3CB2-A647-73302951D3EC}.MinSizeRel|x64.ActiveCfg = MinSizeRel|x64
		{569D7D7B-55C2-3CB2-A647-73302951D3EC}.RelWithDebInfo|x64.ActiveCfg = RelWithDebInfo|x64
		{A67B178B-1727-331A-82EC-9CA1AAAF5344}.Debug|x64.ActiveCfg = Debug|x64
		{A67B178B-1727-331A-82EC-9CA1AAAF5344}.Debug|x64.Build.0 = Debug|x64
		{A67B178B-1727-331A-82EC-9CA1AAAF5344}.Release|x64.ActiveCfg = Release|x64
		{A67B178B-1727-331A-82EC-9CA1AAAF5344}.Release|x64.Build.0 = Release|x64
		{A67B178B-1727-331A-82EC-9CA1AAAF5344}.MinSizeRel|x64.ActiveCfg = MinSizeRel|x64
		{A67B178B-1727-331A-82EC-9CA1AAAF5344}.MinSizeRel|x64.Build.0 = MinSizeRel|x64
		{A67B178B-1727-331A-82EC-9CA1AAAF5344}.RelWithDebInfo|x64.ActiveCfg = RelWithDebInfo|x64
		{A67B178B-1727-331A-82EC-9CA1AAAF5344}.RelWithDebInfo|x64.Build.0 = RelWithDebInfo|x64
		{D4030057-83B8-36A0-A154-751AEAD82E57}.Debug|x64.ActiveCfg = Debug|x64
		{D4030057-83B8-36A0-A154-751AEAD82E57}.Debug|x64.Build.0 = Debug|x64
		{D4030057-83B8-36A0-A154-751AEAD82E57}.Release|x64.ActiveCfg = Release|x64
		{D4030057-83B8-36A0-A154-751AEAD82E57}.Release|x64.Build.0 = Release|x64
		{D4030057-83B8-36A0-A154-751AEAD82E57}.MinSizeRel|x64.ActiveCfg = MinSizeRel|x64
		{D4030057-83B8-36A0-A154-751AEAD82E57}.MinSizeRel|x64.Build.0 = MinSizeRel|x64
		{D4030057-83B8-36A0-A154-751AEAD82E57}.RelWithDebInfo|x64.ActiveCfg = RelWithDebInfo|x64
		{D4030057-83B8-36A0-A154-751AEAD82E57}.RelWithDebInfo|x64.Build.0 = RelWithDebInfo|x64
	EndGlobalSection
	GlobalSection(ExtensibilityGlobals) = postSolution
		SolutionGuid = {AE02821F-4603-3BA7-87A5-FDA6E195431A}
	EndGlobalSection
	GlobalSection(ExtensibilityAddIns) = postSolution
	EndGlobalSection
EndGlobal
